
Microsoft Visual Studio Solution File, Format Version 12.00
# Visual Studio 15
VisualStudioVersion = 15.0.28307.902
MinimumVisualStudioVersion = 10.0.40219.1
Project("{9A19103F-16F7-4668-BE54-9A1E7A4F7556}") = "Budget.Api", "Orcamento.Api\Budget.Api.csproj", "{F8C80C87-2CC3-4478-8BA3-4C20F7CD146E}"
EndProject
Project("{FAE04EC0-301F-11D3-BF4B-00C04F79EFBC}") = "TestBudget", "OrcamentoTestes\TestBudget.csproj", "{DE798D18-4032-4494-A5B9-4A147C9EAAE4}"
EndProject
Global
	GlobalSection(SolutionConfigurationPlatforms) = preSolution
		Debug|Any CPU = Debug|Any CPU
		Release|Any CPU = Release|Any CPU
	EndGlobalSection
	GlobalSection(ProjectConfigurationPlatforms) = postSolution
		{F8C80C87-2CC3-4478-8BA3-4C20F7CD146E}.Debug|Any CPU.ActiveCfg = Debug|Any CPU
		{F8C80C87-2CC3-4478-8BA3-4C20F7CD146E}.Debug|Any CPU.Build.0 = Debug|Any CPU
		{F8C80C87-2CC3-4478-8BA3-4C20F7CD146E}.Release|Any CPU.ActiveCfg = Release|Any CPU
		{F8C80C87-2CC3-4478-8BA3-4C20F7CD146E}.Release|Any CPU.Build.0 = Release|Any CPU
		{DE798D18-4032-4494-A5B9-4A147C9EAAE4}.Debug|Any CPU.ActiveCfg = Debug|Any CPU
		{DE798D18-4032-4494-A5B9-4A147C9EAAE4}.Debug|Any CPU.Build.0 = Debug|Any CPU
		{DE798D18-4032-4494-A5B9-4A147C9EAAE4}.Release|Any CPU.ActiveCfg = Release|Any CPU
		{DE798D18-4032-4494-A5B9-4A147C9EAAE4}.Release|Any CPU.Build.0 = Release|Any CPU
	EndGlobalSection
	GlobalSection(SolutionProperties) = preSolution
		HideSolutionNode = FALSE
	EndGlobalSection
	GlobalSection(ExtensibilityGlobals) = postSolution
		SolutionGuid = {D7C93F52-41E4-4E2B-9049-3B6A48C67632}
	EndGlobalSection
EndGlobal
